// !$*UTF8*$!
{
	archiveVersion = 1;
	classes = {
	};
	objectVersion = 46;
	objects = {

/* Begin PBXBuildFile section */
		8623E0A01ECEA19000432B01 /* Main.storyboard in Resources */ = {isa = PBXBuildFile; fileRef = 8623E09E1ECEA19000432B01 /* Main.storyboard */; };
		8623E0A21ECEA19000432B01 /* Assets.xcassets in Resources */ = {isa = PBXBuildFile; fileRef = 8623E0A11ECEA19000432B01 /* Assets.xcassets */; };
		8623E0B31ECEA50600432B01 /* DeviceInfo.m in Sources */ = {isa = PBXBuildFile; fileRef = 8623E0AF1ECEA1C300432B01 /* DeviceInfo.m */; };
		8623E0B41ECEA50B00432B01 /* AppDelegate.m in Sources */ = {isa = PBXBuildFile; fileRef = 8623E0991ECEA19000432B01 /* AppDelegate.m */; };
		8623E0B51ECEA50F00432B01 /* ViewController.m in Sources */ = {isa = PBXBuildFile; fileRef = 8623E09C1ECEA19000432B01 /* ViewController.m */; };
		8623E0B61ECEA51A00432B01 /* main.m in Sources */ = {isa = PBXBuildFile; fileRef = 8623E0961ECEA19000432B01 /* main.m */; };
		8647D58E1EEA641D00A93E30 /* AttributeWriter.m in Sources */ = {isa = PBXBuildFile; fileRef = 8647D58D1EEA641D00A93E30 /* AttributeWriter.m */; };
		864D41F61EF22B19008104A3 /* ABSNetworking+HTTPErrorHandler.m in Sources */ = {isa = PBXBuildFile; fileRef = 864D41F51EF22B19008104A3 /* ABSNetworking+HTTPErrorHandler.m */; };
		864D41FF1EF262B8008104A3 /* FormatUtils.m in Sources */ = {isa = PBXBuildFile; fileRef = 864D41FE1EF262B8008104A3 /* FormatUtils.m */; };
		864D42021EF2A235008104A3 /* SessionManager.m in Sources */ = {isa = PBXBuildFile; fileRef = 864D42011EF2A235008104A3 /* SessionManager.m */; };
		864D42051EF2A2AD008104A3 /* SessionManager+SessionRule.m in Sources */ = {isa = PBXBuildFile; fileRef = 864D42041EF2A2AD008104A3 /* SessionManager+SessionRule.m */; };
		86819A161EF8FF6A00895511 /* Reachability.m in Sources */ = {isa = PBXBuildFile; fileRef = 86819A151EF8FF6A00895511 /* Reachability.m */; };
		868B92641ED40A6F00401955 /* EventBuilder.m in Sources */ = {isa = PBXBuildFile; fileRef = 868B92631ED40A6F00401955 /* EventBuilder.m */; };
		868E07E61ED7CC0F004666D9 /* Enumerations.m in Sources */ = {isa = PBXBuildFile; fileRef = 868E07E51ED7CC0F004666D9 /* Enumerations.m */; };
		868EFECB1EE808490050A7FF /* AuthManager.m in Sources */ = {isa = PBXBuildFile; fileRef = 868EFECA1EE808490050A7FF /* AuthManager.m */; };
		8690A1E71ED2B470003C0CC7 /* EventAttributes.m in Sources */ = {isa = PBXBuildFile; fileRef = 8690A1E61ED2B470003C0CC7 /* EventAttributes.m */; };
		8690A1EC1ED2E6B1003C0CC7 /* UserAttributes.m in Sources */ = {isa = PBXBuildFile; fileRef = 8690A1EB1ED2E6B1003C0CC7 /* UserAttributes.m */; };
		8690A1F01ED2ED56003C0CC7 /* DeviceFingerprinting.m in Sources */ = {isa = PBXBuildFile; fileRef = 8690A1EF1ED2ED56003C0CC7 /* DeviceFingerprinting.m */; };
		8691E74A1ED5430200780ADE /* EventController.m in Sources */ = {isa = PBXBuildFile; fileRef = 8691E7491ED5430200780ADE /* EventController.m */; };
		8691E74F1ED55A6800780ADE /* PropertyEventSource.m in Sources */ = {isa = PBXBuildFile; fileRef = 8691E74E1ED55A6800780ADE /* PropertyEventSource.m */; };
		8691E7561ED58C1F00780ADE /* DeviceInvariant.m in Sources */ = {isa = PBXBuildFile; fileRef = 8691E7551ED58C1F00780ADE /* DeviceInvariant.m */; };
		86A478961ED6814C00EA37A9 /* AttributeManager.m in Sources */ = {isa = PBXBuildFile; fileRef = 86A478951ED6814C00EA37A9 /* AttributeManager.m */; };
		86A478991ED6AD2300EA37A9 /* Validator.m in Sources */ = {isa = PBXBuildFile; fileRef = 86A478981ED6AD2300EA37A9 /* Validator.m */; };
		86A478A61ED6E2AE00EA37A9 /* ArbitaryVariant.m in Sources */ = {isa = PBXBuildFile; fileRef = 86A478A51ED6E2AE00EA37A9 /* ArbitaryVariant.m */; };
		86AB618A1EE7C55F00CE38D5 /* ABSBigDataServiceDispatcher.m in Sources */ = {isa = PBXBuildFile; fileRef = 86AB61891EE7C55F00CE38D5 /* ABSBigDataServiceDispatcher.m */; };
		86B185D51EDE699000900836 /* ABSEventAttributeQualifier.m in Sources */ = {isa = PBXBuildFile; fileRef = 86B185D41EDE699000900836 /* ABSEventAttributeQualifier.m */; };
		86B185D81EDEA73400900836 /* ABSEventTracker.m in Sources */ = {isa = PBXBuildFile; fileRef = 86B185D71EDEA73400900836 /* ABSEventTracker.m */; };
		86B7CBDA1EF1474400B54EC2 /* cache.plist in Resources */ = {isa = PBXBuildFile; fileRef = 86B7CBD91EF1474400B54EC2 /* cache.plist */; };
		86C1EA9E1EE4FB2E006990AF /* CacheManager.m in Sources */ = {isa = PBXBuildFile; fileRef = 86C1EA9D1EE4FB2E006990AF /* CacheManager.m */; };
		86DA32D01EDFC4D200E894E8 /* ABSNetworking.m in Sources */ = {isa = PBXBuildFile; fileRef = 86DA32CF1EDFC4D200E894E8 /* ABSNetworking.m */; };
		86DA32D41EE0059A00E894E8 /* Constants.m in Sources */ = {isa = PBXBuildFile; fileRef = 86DA32D31EE0059A00E894E8 /* Constants.m */; };
/* End PBXBuildFile section */

/* Begin PBXFileReference section */
		8623E0921ECEA19000432B01 /* EventApp.app */ = {isa = PBXFileReference; explicitFileType = wrapper.application; includeInIndex = 0; path = EventApp.app; sourceTree = BUILT_PRODUCTS_DIR; };
		8623E0961ECEA19000432B01 /* main.m */ = {isa = PBXFileReference; lastKnownFileType = sourcecode.c.objc; path = main.m; sourceTree = "<group>"; };
		8623E0981ECEA19000432B01 /* AppDelegate.h */ = {isa = PBXFileReference; lastKnownFileType = sourcecode.c.h; path = AppDelegate.h; sourceTree = "<group>"; };
		8623E0991ECEA19000432B01 /* AppDelegate.m */ = {isa = PBXFileReference; lastKnownFileType = sourcecode.c.objc; path = AppDelegate.m; sourceTree = "<group>"; };
		8623E09B1ECEA19000432B01 /* ViewController.h */ = {isa = PBXFileReference; lastKnownFileType = sourcecode.c.h; path = ViewController.h; sourceTree = "<group>"; };
		8623E09C1ECEA19000432B01 /* ViewController.m */ = {isa = PBXFileReference; lastKnownFileType = sourcecode.c.objc; path = ViewController.m; sourceTree = "<group>"; };
		8623E09F1ECEA19000432B01 /* Base */ = {isa = PBXFileReference; lastKnownFileType = file.storyboard; name = Base; path = Base.lproj/Main.storyboard; sourceTree = "<group>"; };
		8623E0A11ECEA19000432B01 /* Assets.xcassets */ = {isa = PBXFileReference; lastKnownFileType = folder.assetcatalog; path = Assets.xcassets; sourceTree = "<group>"; };
		8623E0A61ECEA19000432B01 /* Info.plist */ = {isa = PBXFileReference; lastKnownFileType = text.plist.xml; path = Info.plist; sourceTree = "<group>"; };
		8623E0AE1ECEA1C300432B01 /* DeviceInfo.h */ = {isa = PBXFileReference; fileEncoding = 4; lastKnownFileType = sourcecode.c.h; path = DeviceInfo.h; sourceTree = "<group>"; };
		8623E0AF1ECEA1C300432B01 /* DeviceInfo.m */ = {isa = PBXFileReference; fileEncoding = 4; lastKnownFileType = sourcecode.c.objc; path = DeviceInfo.m; sourceTree = "<group>"; };
		8647D58C1EEA641D00A93E30 /* AttributeWriter.h */ = {isa = PBXFileReference; fileEncoding = 4; lastKnownFileType = sourcecode.c.h; path = AttributeWriter.h; sourceTree = "<group>"; };
		8647D58D1EEA641D00A93E30 /* AttributeWriter.m */ = {isa = PBXFileReference; fileEncoding = 4; lastKnownFileType = sourcecode.c.objc; path = AttributeWriter.m; sourceTree = "<group>"; };
		864D41F41EF22B19008104A3 /* ABSNetworking+HTTPErrorHandler.h */ = {isa = PBXFileReference; fileEncoding = 4; lastKnownFileType = sourcecode.c.h; path = "ABSNetworking+HTTPErrorHandler.h"; sourceTree = "<group>"; };
		864D41F51EF22B19008104A3 /* ABSNetworking+HTTPErrorHandler.m */ = {isa = PBXFileReference; fileEncoding = 4; lastKnownFileType = sourcecode.c.objc; path = "ABSNetworking+HTTPErrorHandler.m"; sourceTree = "<group>"; };
		864D41FD1EF262B8008104A3 /* FormatUtils.h */ = {isa = PBXFileReference; fileEncoding = 4; lastKnownFileType = sourcecode.c.h; path = FormatUtils.h; sourceTree = "<group>"; };
		864D41FE1EF262B8008104A3 /* FormatUtils.m */ = {isa = PBXFileReference; fileEncoding = 4; lastKnownFileType = sourcecode.c.objc; path = FormatUtils.m; sourceTree = "<group>"; };
		864D42001EF2A235008104A3 /* SessionManager.h */ = {isa = PBXFileReference; fileEncoding = 4; lastKnownFileType = sourcecode.c.h; path = SessionManager.h; sourceTree = "<group>"; };
		864D42011EF2A235008104A3 /* SessionManager.m */ = {isa = PBXFileReference; fileEncoding = 4; lastKnownFileType = sourcecode.c.objc; path = SessionManager.m; sourceTree = "<group>"; };
		864D42031EF2A2AD008104A3 /* SessionManager+SessionRule.h */ = {isa = PBXFileReference; fileEncoding = 4; lastKnownFileType = sourcecode.c.h; path = "SessionManager+SessionRule.h"; sourceTree = "<group>"; };
		864D42041EF2A2AD008104A3 /* SessionManager+SessionRule.m */ = {isa = PBXFileReference; fileEncoding = 4; lastKnownFileType = sourcecode.c.objc; path = "SessionManager+SessionRule.m"; sourceTree = "<group>"; };
		86819A141EF8FF6A00895511 /* Reachability.h */ = {isa = PBXFileReference; fileEncoding = 4; lastKnownFileType = sourcecode.c.h; path = Reachability.h; sourceTree = "<group>"; };
		86819A151EF8FF6A00895511 /* Reachability.m */ = {isa = PBXFileReference; fileEncoding = 4; lastKnownFileType = sourcecode.c.objc; path = Reachability.m; sourceTree = "<group>"; };
		868B92621ED40A6F00401955 /* EventBuilder.h */ = {isa = PBXFileReference; fileEncoding = 4; lastKnownFileType = sourcecode.c.h; path = EventBuilder.h; sourceTree = "<group>"; };
		868B92631ED40A6F00401955 /* EventBuilder.m */ = {isa = PBXFileReference; fileEncoding = 4; lastKnownFileType = sourcecode.c.objc; path = EventBuilder.m; sourceTree = "<group>"; };
		868E07E41ED7CC0F004666D9 /* Enumerations.h */ = {isa = PBXFileReference; fileEncoding = 4; lastKnownFileType = sourcecode.c.h; path = Enumerations.h; sourceTree = "<group>"; };
		868E07E51ED7CC0F004666D9 /* Enumerations.m */ = {isa = PBXFileReference; fileEncoding = 4; lastKnownFileType = sourcecode.c.objc; path = Enumerations.m; sourceTree = "<group>"; };
		868EFEC91EE808490050A7FF /* AuthManager.h */ = {isa = PBXFileReference; fileEncoding = 4; lastKnownFileType = sourcecode.c.h; path = AuthManager.h; sourceTree = "<group>"; };
		868EFECA1EE808490050A7FF /* AuthManager.m */ = {isa = PBXFileReference; fileEncoding = 4; lastKnownFileType = sourcecode.c.objc; path = AuthManager.m; sourceTree = "<group>"; };
		8690A1E51ED2B470003C0CC7 /* EventAttributes.h */ = {isa = PBXFileReference; fileEncoding = 4; lastKnownFileType = sourcecode.c.h; path = EventAttributes.h; sourceTree = "<group>"; };
		8690A1E61ED2B470003C0CC7 /* EventAttributes.m */ = {isa = PBXFileReference; fileEncoding = 4; lastKnownFileType = sourcecode.c.objc; path = EventAttributes.m; sourceTree = "<group>"; };
		8690A1EA1ED2E6B1003C0CC7 /* UserAttributes.h */ = {isa = PBXFileReference; fileEncoding = 4; lastKnownFileType = sourcecode.c.h; path = UserAttributes.h; sourceTree = "<group>"; };
		8690A1EB1ED2E6B1003C0CC7 /* UserAttributes.m */ = {isa = PBXFileReference; fileEncoding = 4; lastKnownFileType = sourcecode.c.objc; path = UserAttributes.m; sourceTree = "<group>"; };
		8690A1EE1ED2ED56003C0CC7 /* DeviceFingerprinting.h */ = {isa = PBXFileReference; fileEncoding = 4; lastKnownFileType = sourcecode.c.h; path = DeviceFingerprinting.h; sourceTree = "<group>"; };
		8690A1EF1ED2ED56003C0CC7 /* DeviceFingerprinting.m */ = {isa = PBXFileReference; fileEncoding = 4; lastKnownFileType = sourcecode.c.objc; path = DeviceFingerprinting.m; sourceTree = "<group>"; };
		8691E7481ED5430200780ADE /* EventController.h */ = {isa = PBXFileReference; fileEncoding = 4; lastKnownFileType = sourcecode.c.h; path = EventController.h; sourceTree = "<group>"; };
		8691E7491ED5430200780ADE /* EventController.m */ = {isa = PBXFileReference; fileEncoding = 4; lastKnownFileType = sourcecode.c.objc; path = EventController.m; sourceTree = "<group>"; };
		8691E74D1ED55A6800780ADE /* PropertyEventSource.h */ = {isa = PBXFileReference; fileEncoding = 4; lastKnownFileType = sourcecode.c.h; path = PropertyEventSource.h; sourceTree = "<group>"; };
		8691E74E1ED55A6800780ADE /* PropertyEventSource.m */ = {isa = PBXFileReference; fileEncoding = 4; lastKnownFileType = sourcecode.c.objc; path = PropertyEventSource.m; sourceTree = "<group>"; };
		8691E7521ED57D1F00780ADE /* EventCallBack.h */ = {isa = PBXFileReference; fileEncoding = 4; lastKnownFileType = sourcecode.c.h; path = EventCallBack.h; sourceTree = "<group>"; };
		8691E7541ED58C1F00780ADE /* DeviceInvariant.h */ = {isa = PBXFileReference; fileEncoding = 4; lastKnownFileType = sourcecode.c.h; path = DeviceInvariant.h; sourceTree = "<group>"; };
		8691E7551ED58C1F00780ADE /* DeviceInvariant.m */ = {isa = PBXFileReference; fileEncoding = 4; lastKnownFileType = sourcecode.c.objc; path = DeviceInvariant.m; sourceTree = "<group>"; };
		86A478941ED6814C00EA37A9 /* AttributeManager.h */ = {isa = PBXFileReference; fileEncoding = 4; lastKnownFileType = sourcecode.c.h; path = AttributeManager.h; sourceTree = "<group>"; };
		86A478951ED6814C00EA37A9 /* AttributeManager.m */ = {isa = PBXFileReference; fileEncoding = 4; lastKnownFileType = sourcecode.c.objc; path = AttributeManager.m; sourceTree = "<group>"; };
		86A478971ED6AD2300EA37A9 /* Validator.h */ = {isa = PBXFileReference; fileEncoding = 4; lastKnownFileType = sourcecode.c.h; path = Validator.h; sourceTree = "<group>"; };
		86A478981ED6AD2300EA37A9 /* Validator.m */ = {isa = PBXFileReference; fileEncoding = 4; lastKnownFileType = sourcecode.c.objc; path = Validator.m; sourceTree = "<group>"; };
		86A478A41ED6E2AE00EA37A9 /* ArbitaryVariant.h */ = {isa = PBXFileReference; fileEncoding = 4; lastKnownFileType = sourcecode.c.h; path = ArbitaryVariant.h; sourceTree = "<group>"; };
		86A478A51ED6E2AE00EA37A9 /* ArbitaryVariant.m */ = {isa = PBXFileReference; fileEncoding = 4; lastKnownFileType = sourcecode.c.objc; path = ArbitaryVariant.m; sourceTree = "<group>"; };
		86AB61881EE7C55F00CE38D5 /* ABSBigDataServiceDispatcher.h */ = {isa = PBXFileReference; fileEncoding = 4; lastKnownFileType = sourcecode.c.h; path = ABSBigDataServiceDispatcher.h; sourceTree = "<group>"; };
		86AB61891EE7C55F00CE38D5 /* ABSBigDataServiceDispatcher.m */ = {isa = PBXFileReference; fileEncoding = 4; lastKnownFileType = sourcecode.c.objc; path = ABSBigDataServiceDispatcher.m; sourceTree = "<group>"; };
		86B185D31EDE699000900836 /* ABSEventAttributeQualifier.h */ = {isa = PBXFileReference; fileEncoding = 4; lastKnownFileType = sourcecode.c.h; path = ABSEventAttributeQualifier.h; sourceTree = "<group>"; };
		86B185D41EDE699000900836 /* ABSEventAttributeQualifier.m */ = {isa = PBXFileReference; fileEncoding = 4; lastKnownFileType = sourcecode.c.objc; path = ABSEventAttributeQualifier.m; sourceTree = "<group>"; };
		86B185D61EDEA73400900836 /* ABSEventTracker.h */ = {isa = PBXFileReference; fileEncoding = 4; lastKnownFileType = sourcecode.c.h; path = ABSEventTracker.h; sourceTree = "<group>"; };
		86B185D71EDEA73400900836 /* ABSEventTracker.m */ = {isa = PBXFileReference; fileEncoding = 4; lastKnownFileType = sourcecode.c.objc; path = ABSEventTracker.m; sourceTree = "<group>"; };
		86B7CBD91EF1474400B54EC2 /* cache.plist */ = {isa = PBXFileReference; fileEncoding = 4; lastKnownFileType = text.plist.xml; path = cache.plist; sourceTree = "<group>"; };
		86C1EA9C1EE4FB2E006990AF /* CacheManager.h */ = {isa = PBXFileReference; fileEncoding = 4; lastKnownFileType = sourcecode.c.h; path = CacheManager.h; sourceTree = "<group>"; };
		86C1EA9D1EE4FB2E006990AF /* CacheManager.m */ = {isa = PBXFileReference; fileEncoding = 4; lastKnownFileType = sourcecode.c.objc; path = CacheManager.m; sourceTree = "<group>"; };
		86DA32CE1EDFC4D200E894E8 /* ABSNetworking.h */ = {isa = PBXFileReference; fileEncoding = 4; lastKnownFileType = sourcecode.c.h; path = ABSNetworking.h; sourceTree = "<group>"; };
		86DA32CF1EDFC4D200E894E8 /* ABSNetworking.m */ = {isa = PBXFileReference; fileEncoding = 4; lastKnownFileType = sourcecode.c.objc; path = ABSNetworking.m; sourceTree = "<group>"; };
		86DA32D21EE0059A00E894E8 /* Constants.h */ = {isa = PBXFileReference; fileEncoding = 4; lastKnownFileType = sourcecode.c.h; path = Constants.h; sourceTree = "<group>"; };
		86DA32D31EE0059A00E894E8 /* Constants.m */ = {isa = PBXFileReference; fileEncoding = 4; lastKnownFileType = sourcecode.c.objc; path = Constants.m; sourceTree = "<group>"; };
/* End PBXFileReference section */

/* Begin PBXFrameworksBuildPhase section */
		8623E08F1ECEA19000432B01 /* Frameworks */ = {
			isa = PBXFrameworksBuildPhase;
			buildActionMask = 2147483647;
			files = (
			);
			runOnlyForDeploymentPostprocessing = 0;
		};
/* End PBXFrameworksBuildPhase section */

/* Begin PBXGroup section */
		8623E0891ECEA19000432B01 = {
			isa = PBXGroup;
			children = (
				8623E0941ECEA19000432B01 /* EventApp */,
				8623E0931ECEA19000432B01 /* Products */,
			);
			sourceTree = "<group>";
		};
		8623E0931ECEA19000432B01 /* Products */ = {
			isa = PBXGroup;
			children = (
				8623E0921ECEA19000432B01 /* EventApp.app */,
			);
			name = Products;
			sourceTree = "<group>";
		};
		8623E0941ECEA19000432B01 /* EventApp */ = {
			isa = PBXGroup;
			children = (
				8623E0AC1ECEA1AC00432B01 /* Library */,
				8623E0981ECEA19000432B01 /* AppDelegate.h */,
				8623E0991ECEA19000432B01 /* AppDelegate.m */,
				8623E09B1ECEA19000432B01 /* ViewController.h */,
				8623E09C1ECEA19000432B01 /* ViewController.m */,
				8623E09E1ECEA19000432B01 /* Main.storyboard */,
				8623E0A11ECEA19000432B01 /* Assets.xcassets */,
				8623E0A61ECEA19000432B01 /* Info.plist */,
				8623E0951ECEA19000432B01 /* Supporting Files */,
				86B7CBD91EF1474400B54EC2 /* cache.plist */,
			);
			path = EventApp;
			sourceTree = "<group>";
		};
		8623E0951ECEA19000432B01 /* Supporting Files */ = {
			isa = PBXGroup;
			children = (
				8623E0961ECEA19000432B01 /* main.m */,
			);
			name = "Supporting Files";
			sourceTree = "<group>";
		};
		8623E0AC1ECEA1AC00432B01 /* Library */ = {
			isa = PBXGroup;
			children = (
				86A478AA1ED6E50500EA37A9 /* Network */,
				8691E74C1ED55A4C00780ADE /* Constants */,
				8690A1ED1ED2ED11003C0CC7 /* Security */,
				8690A1E41ED2B45D003C0CC7 /* Core */,
				8623E0AD1ECEA1B500432B01 /* Utils */,
			);
			name = Library;
			sourceTree = "<group>";
		};
		8623E0AD1ECEA1B500432B01 /* Utils */ = {
			isa = PBXGroup;
			children = (
				8623E0AE1ECEA1C300432B01 /* DeviceInfo.h */,
				8623E0AF1ECEA1C300432B01 /* DeviceInfo.m */,
				86A478971ED6AD2300EA37A9 /* Validator.h */,
				86A478981ED6AD2300EA37A9 /* Validator.m */,
				864D41FD1EF262B8008104A3 /* FormatUtils.h */,
				864D41FE1EF262B8008104A3 /* FormatUtils.m */,
				86819A141EF8FF6A00895511 /* Reachability.h */,
				86819A151EF8FF6A00895511 /* Reachability.m */,
			);
			name = Utils;
			sourceTree = "<group>";
		};
		868B92461ED3FF8C00401955 /* Event */ = {
			isa = PBXGroup;
			children = (
				8690A1E51ED2B470003C0CC7 /* EventAttributes.h */,
				8690A1E61ED2B470003C0CC7 /* EventAttributes.m */,
				868B92621ED40A6F00401955 /* EventBuilder.h */,
				868B92631ED40A6F00401955 /* EventBuilder.m */,
			);
			name = Event;
			sourceTree = "<group>";
		};
		868E07EC1ED80E8E004666D9 /* Session */ = {
			isa = PBXGroup;
			children = (
				864D42001EF2A235008104A3 /* SessionManager.h */,
				864D42011EF2A235008104A3 /* SessionManager.m */,
				864D42031EF2A2AD008104A3 /* SessionManager+SessionRule.h */,
				864D42041EF2A2AD008104A3 /* SessionManager+SessionRule.m */,
			);
			name = Session;
			sourceTree = "<group>";
		};
		8690A1E41ED2B45D003C0CC7 /* Core */ = {
			isa = PBXGroup;
			children = (
				86B185CF1EDE634B00900836 /* Mapper */,
				86A478A01ED6E06D00EA37A9 /* Variant */,
				86A478931ED6813F00EA37A9 /* Manager */,
				8691E7531ED58BBE00780ADE /* Invariant */,
				8691E7511ED57CFD00780ADE /* Callback */,
				8690A1E91ED2E69B003C0CC7 /* Attributes */,
				8691E7481ED5430200780ADE /* EventController.h */,
				8691E7491ED5430200780ADE /* EventController.m */,
				86B185D61EDEA73400900836 /* ABSEventTracker.h */,
				86B185D71EDEA73400900836 /* ABSEventTracker.m */,
			);
			name = Core;
			sourceTree = "<group>";
		};
		8690A1E91ED2E69B003C0CC7 /* Attributes */ = {
			isa = PBXGroup;
			children = (
				868E07EC1ED80E8E004666D9 /* Session */,
				8691E74B1ED5496700780ADE /* User */,
				868B92461ED3FF8C00401955 /* Event */,
				8647D58C1EEA641D00A93E30 /* AttributeWriter.h */,
				8647D58D1EEA641D00A93E30 /* AttributeWriter.m */,
			);
			name = Attributes;
			sourceTree = "<group>";
		};
		8690A1ED1ED2ED11003C0CC7 /* Security */ = {
			isa = PBXGroup;
			children = (
				8690A1EE1ED2ED56003C0CC7 /* DeviceFingerprinting.h */,
				8690A1EF1ED2ED56003C0CC7 /* DeviceFingerprinting.m */,
				868EFEC91EE808490050A7FF /* AuthManager.h */,
				868EFECA1EE808490050A7FF /* AuthManager.m */,
			);
			name = Security;
			sourceTree = "<group>";
		};
		8691E74B1ED5496700780ADE /* User */ = {
			isa = PBXGroup;
			children = (
				8690A1EA1ED2E6B1003C0CC7 /* UserAttributes.h */,
				8690A1EB1ED2E6B1003C0CC7 /* UserAttributes.m */,
			);
			name = User;
			sourceTree = "<group>";
		};
		8691E74C1ED55A4C00780ADE /* Constants */ = {
			isa = PBXGroup;
			children = (
				8691E74D1ED55A6800780ADE /* PropertyEventSource.h */,
				8691E74E1ED55A6800780ADE /* PropertyEventSource.m */,
				868E07E41ED7CC0F004666D9 /* Enumerations.h */,
				868E07E51ED7CC0F004666D9 /* Enumerations.m */,
				86DA32D21EE0059A00E894E8 /* Constants.h */,
				86DA32D31EE0059A00E894E8 /* Constants.m */,
			);
			name = Constants;
			sourceTree = "<group>";
		};
		8691E7511ED57CFD00780ADE /* Callback */ = {
			isa = PBXGroup;
			children = (
				8691E7521ED57D1F00780ADE /* EventCallBack.h */,
			);
			name = Callback;
			sourceTree = "<group>";
		};
		8691E7531ED58BBE00780ADE /* Invariant */ = {
			isa = PBXGroup;
			children = (
				8691E7541ED58C1F00780ADE /* DeviceInvariant.h */,
				8691E7551ED58C1F00780ADE /* DeviceInvariant.m */,
			);
			name = Invariant;
			sourceTree = "<group>";
		};
		86A478931ED6813F00EA37A9 /* Manager */ = {
			isa = PBXGroup;
			children = (
				86A478941ED6814C00EA37A9 /* AttributeManager.h */,
				86A478951ED6814C00EA37A9 /* AttributeManager.m */,
				86C1EA9C1EE4FB2E006990AF /* CacheManager.h */,
				86C1EA9D1EE4FB2E006990AF /* CacheManager.m */,
			);
			name = Manager;
			sourceTree = "<group>";
		};
		86A478A01ED6E06D00EA37A9 /* Variant */ = {
			isa = PBXGroup;
			children = (
				86A478A41ED6E2AE00EA37A9 /* ArbitaryVariant.h */,
				86A478A51ED6E2AE00EA37A9 /* ArbitaryVariant.m */,
			);
			name = Variant;
			sourceTree = "<group>";
		};
		86A478AA1ED6E50500EA37A9 /* Network */ = {
			isa = PBXGroup;
			children = (
				86DA32CE1EDFC4D200E894E8 /* ABSNetworking.h */,
				86DA32CF1EDFC4D200E894E8 /* ABSNetworking.m */,
				86AB61881EE7C55F00CE38D5 /* ABSBigDataServiceDispatcher.h */,
				86AB61891EE7C55F00CE38D5 /* ABSBigDataServiceDispatcher.m */,
				864D41F41EF22B19008104A3 /* ABSNetworking+HTTPErrorHandler.h */,
				864D41F51EF22B19008104A3 /* ABSNetworking+HTTPErrorHandler.m */,
			);
			name = Network;
			sourceTree = "<group>";
		};
		86B185CF1EDE634B00900836 /* Mapper */ = {
			isa = PBXGroup;
			children = (
				86B185D31EDE699000900836 /* ABSEventAttributeQualifier.h */,
				86B185D41EDE699000900836 /* ABSEventAttributeQualifier.m */,
			);
			name = Mapper;
			sourceTree = "<group>";
		};
/* End PBXGroup section */

/* Begin PBXNativeTarget section */
		8623E0911ECEA19000432B01 /* EventApp */ = {
			isa = PBXNativeTarget;
			buildConfigurationList = 8623E0A91ECEA19000432B01 /* Build configuration list for PBXNativeTarget "EventApp" */;
			buildPhases = (
				8623E08E1ECEA19000432B01 /* Sources */,
				8623E08F1ECEA19000432B01 /* Frameworks */,
				8623E0901ECEA19000432B01 /* Resources */,
			);
			buildRules = (
			);
			dependencies = (
			);
			name = EventApp;
			productName = EventApp;
			productReference = 8623E0921ECEA19000432B01 /* EventApp.app */;
			productType = "com.apple.product-type.application";
		};
/* End PBXNativeTarget section */

/* Begin PBXProject section */
		8623E08A1ECEA19000432B01 /* Project object */ = {
			isa = PBXProject;
			attributes = {
				LastUpgradeCheck = 0800;
				ORGANIZATIONNAME = "ABS-CBN";
				TargetAttributes = {
					8623E0911ECEA19000432B01 = {
						CreatedOnToolsVersion = 8.0;
						DevelopmentTeam = N824669R3R;
						ProvisioningStyle = Automatic;
					};
				};
			};
			buildConfigurationList = 8623E08D1ECEA19000432B01 /* Build configuration list for PBXProject "EventApp" */;
			compatibilityVersion = "Xcode 3.2";
			developmentRegion = English;
			hasScannedForEncodings = 0;
			knownRegions = (
				en,
				Base,
			);
			mainGroup = 8623E0891ECEA19000432B01;
			productRefGroup = 8623E0931ECEA19000432B01 /* Products */;
			projectDirPath = "";
			projectRoot = "";
			targets = (
				8623E0911ECEA19000432B01 /* EventApp */,
			);
		};
/* End PBXProject section */

/* Begin PBXResourcesBuildPhase section */
		8623E0901ECEA19000432B01 /* Resources */ = {
			isa = PBXResourcesBuildPhase;
			buildActionMask = 2147483647;
			files = (
				8623E0A21ECEA19000432B01 /* Assets.xcassets in Resources */,
				8623E0A01ECEA19000432B01 /* Main.storyboard in Resources */,
				86B7CBDA1EF1474400B54EC2 /* cache.plist in Resources */,
			);
			runOnlyForDeploymentPostprocessing = 0;
		};
/* End PBXResourcesBuildPhase section */

/* Begin PBXSourcesBuildPhase section */
		8623E08E1ECEA19000432B01 /* Sources */ = {
			isa = PBXSourcesBuildPhase;
			buildActionMask = 2147483647;
			files = (
				86A478961ED6814C00EA37A9 /* AttributeManager.m in Sources */,
				86B185D51EDE699000900836 /* ABSEventAttributeQualifier.m in Sources */,
				86AB618A1EE7C55F00CE38D5 /* ABSBigDataServiceDispatcher.m in Sources */,
				8623E0B61ECEA51A00432B01 /* main.m in Sources */,
				8691E74A1ED5430200780ADE /* EventController.m in Sources */,
				8647D58E1EEA641D00A93E30 /* AttributeWriter.m in Sources */,
				8623E0B51ECEA50F00432B01 /* ViewController.m in Sources */,
				868B92641ED40A6F00401955 /* EventBuilder.m in Sources */,
				8690A1F01ED2ED56003C0CC7 /* DeviceFingerprinting.m in Sources */,
				864D41F61EF22B19008104A3 /* ABSNetworking+HTTPErrorHandler.m in Sources */,
				86819A161EF8FF6A00895511 /* Reachability.m in Sources */,
				8691E7561ED58C1F00780ADE /* DeviceInvariant.m in Sources */,
				864D42021EF2A235008104A3 /* SessionManager.m in Sources */,
				864D42051EF2A2AD008104A3 /* SessionManager+SessionRule.m in Sources */,
				86C1EA9E1EE4FB2E006990AF /* CacheManager.m in Sources */,
				868E07E61ED7CC0F004666D9 /* Enumerations.m in Sources */,
				86DA32D41EE0059A00E894E8 /* Constants.m in Sources */,
				86DA32D01EDFC4D200E894E8 /* ABSNetworking.m in Sources */,
				8623E0B41ECEA50B00432B01 /* AppDelegate.m in Sources */,
				8691E74F1ED55A6800780ADE /* PropertyEventSource.m in Sources */,
				86A478991ED6AD2300EA37A9 /* Validator.m in Sources */,
				86B185D81EDEA73400900836 /* ABSEventTracker.m in Sources */,
				8623E0B31ECEA50600432B01 /* DeviceInfo.m in Sources */,
				868EFECB1EE808490050A7FF /* AuthManager.m in Sources */,
				864D41FF1EF262B8008104A3 /* FormatUtils.m in Sources */,
				86A478A61ED6E2AE00EA37A9 /* ArbitaryVariant.m in Sources */,
				8690A1E71ED2B470003C0CC7 /* EventAttributes.m in Sources */,
				8690A1EC1ED2E6B1003C0CC7 /* UserAttributes.m in Sources */,
			);
			runOnlyForDeploymentPostprocessing = 0;
		};
/* End PBXSourcesBuildPhase section */

/* Begin PBXVariantGroup section */
		8623E09E1ECEA19000432B01 /* Main.storyboard */ = {
			isa = PBXVariantGroup;
			children = (
				8623E09F1ECEA19000432B01 /* Base */,
			);
			name = Main.storyboard;
			sourceTree = "<group>";
		};
/* End PBXVariantGroup section */

/* Begin XCBuildConfiguration section */
		8623E0A71ECEA19000432B01 /* Debug */ = {
			isa = XCBuildConfiguration;
			buildSettings = {
				ALWAYS_SEARCH_USER_PATHS = NO;
				CLANG_ANALYZER_NONNULL = YES;
				CLANG_CXX_LANGUAGE_STANDARD = "gnu++0x";
				CLANG_CXX_LIBRARY = "libc++";
				CLANG_ENABLE_MODULES = YES;
				CLANG_ENABLE_OBJC_ARC = YES;
				CLANG_WARN_BOOL_CONVERSION = YES;
				CLANG_WARN_CONSTANT_CONVERSION = YES;
				CLANG_WARN_DIRECT_OBJC_ISA_USAGE = YES_ERROR;
				CLANG_WARN_DOCUMENTATION_COMMENTS = YES;
				CLANG_WARN_EMPTY_BODY = YES;
				CLANG_WARN_ENUM_CONVERSION = YES;
				CLANG_WARN_INFINITE_RECURSION = YES;
				CLANG_WARN_INT_CONVERSION = YES;
				CLANG_WARN_OBJC_ROOT_CLASS = YES_ERROR;
				CLANG_WARN_SUSPICIOUS_MOVES = YES;
				CLANG_WARN_UNREACHABLE_CODE = YES;
				CLANG_WARN__DUPLICATE_METHOD_MATCH = YES;
				"CODE_SIGN_IDENTITY[sdk=iphoneos*]" = "iPhone Developer";
				COPY_PHASE_STRIP = NO;
				DEBUG_INFORMATION_FORMAT = dwarf;
				ENABLE_STRICT_OBJC_MSGSEND = YES;
				ENABLE_TESTABILITY = YES;
				GCC_C_LANGUAGE_STANDARD = gnu99;
				GCC_DYNAMIC_NO_PIC = NO;
				GCC_NO_COMMON_BLOCKS = YES;
				GCC_OPTIMIZATION_LEVEL = 0;
				GCC_PREPROCESSOR_DEFINITIONS = (
					"DEBUG=1",
					"$(inherited)",
				);
				GCC_WARN_64_TO_32_BIT_CONVERSION = YES;
				GCC_WARN_ABOUT_RETURN_TYPE = YES_ERROR;
				GCC_WARN_UNDECLARED_SELECTOR = YES;
				GCC_WARN_UNINITIALIZED_AUTOS = YES_AGGRESSIVE;
				GCC_WARN_UNUSED_FUNCTION = YES;
				GCC_WARN_UNUSED_VARIABLE = YES;
				IPHONEOS_DEPLOYMENT_TARGET = 10.0;
				MTL_ENABLE_DEBUG_INFO = YES;
				ONLY_ACTIVE_ARCH = YES;
				SDKROOT = iphoneos;
				TARGETED_DEVICE_FAMILY = "1,2";
			};
			name = Debug;
		};
		8623E0A81ECEA19000432B01 /* Release */ = {
			isa = XCBuildConfiguration;
			buildSettings = {
				ALWAYS_SEARCH_USER_PATHS = NO;
				CLANG_ANALYZER_NONNULL = YES;
				CLANG_CXX_LANGUAGE_STANDARD = "gnu++0x";
				CLANG_CXX_LIBRARY = "libc++";
				CLANG_ENABLE_MODULES = YES;
				CLANG_ENABLE_OBJC_ARC = YES;
				CLANG_WARN_BOOL_CONVERSION = YES;
				CLANG_WARN_CONSTANT_CONVERSION = YES;
				CLANG_WARN_DIRECT_OBJC_ISA_USAGE = YES_ERROR;
				CLANG_WARN_DOCUMENTATION_COMMENTS = YES;
				CLANG_WARN_EMPTY_BODY = YES;
				CLANG_WARN_ENUM_CONVERSION = YES;
				CLANG_WARN_INFINITE_RECURSION = YES;
				CLANG_WARN_INT_CONVERSION = YES;
				CLANG_WARN_OBJC_ROOT_CLASS = YES_ERROR;
				CLANG_WARN_SUSPICIOUS_MOVES = YES;
				CLANG_WARN_UNREACHABLE_CODE = YES;
				CLANG_WARN__DUPLICATE_METHOD_MATCH = YES;
				"CODE_SIGN_IDENTITY[sdk=iphoneos*]" = "iPhone Developer";
				COPY_PHASE_STRIP = NO;
				DEBUG_INFORMATION_FORMAT = "dwarf-with-dsym";
				ENABLE_NS_ASSERTIONS = NO;
				ENABLE_STRICT_OBJC_MSGSEND = YES;
				GCC_C_LANGUAGE_STANDARD = gnu99;
				GCC_NO_COMMON_BLOCKS = YES;
				GCC_WARN_64_TO_32_BIT_CONVERSION = YES;
				GCC_WARN_ABOUT_RETURN_TYPE = YES_ERROR;
				GCC_WARN_UNDECLARED_SELECTOR = YES;
				GCC_WARN_UNINITIALIZED_AUTOS = YES_AGGRESSIVE;
				GCC_WARN_UNUSED_FUNCTION = YES;
				GCC_WARN_UNUSED_VARIABLE = YES;
				IPHONEOS_DEPLOYMENT_TARGET = 10.0;
				MTL_ENABLE_DEBUG_INFO = NO;
				SDKROOT = iphoneos;
				TARGETED_DEVICE_FAMILY = "1,2";
				VALIDATE_PRODUCT = YES;
			};
			name = Release;
		};
		8623E0AA1ECEA19000432B01 /* Debug */ = {
			isa = XCBuildConfiguration;
			buildSettings = {
				ASSETCATALOG_COMPILER_APPICON_NAME = AppIcon;
				DEVELOPMENT_TEAM = N824669R3R;
				GCC_NO_COMMON_BLOCKS = NO;
				INFOPLIST_FILE = EventApp/Info.plist;
				IPHONEOS_DEPLOYMENT_TARGET = 8.0;
				LD_RUNPATH_SEARCH_PATHS = "$(inherited) @executable_path/Frameworks";
				PRODUCT_BUNDLE_IDENTIFIER = com.ph.abscbn.ios.EventApp;
				PRODUCT_NAME = "$(TARGET_NAME)";
			};
			name = Debug;
		};
		8623E0AB1ECEA19000432B01 /* Release */ = {
			isa = XCBuildConfiguration;
			buildSettings = {
				ASSETCATALOG_COMPILER_APPICON_NAME = AppIcon;
				DEVELOPMENT_TEAM = N824669R3R;
				GCC_NO_COMMON_BLOCKS = NO;
				INFOPLIST_FILE = EventApp/Info.plist;
				IPHONEOS_DEPLOYMENT_TARGET = 8.0;
				LD_RUNPATH_SEARCH_PATHS = "$(inherited) @executable_path/Frameworks";
				PRODUCT_BUNDLE_IDENTIFIER = com.ph.abscbn.ios.EventApp;
				PRODUCT_NAME = "$(TARGET_NAME)";
			};
			name = Release;
		};
/* End XCBuildConfiguration section */

/* Begin XCConfigurationList section */
		8623E08D1ECEA19000432B01 /* Build configuration list for PBXProject "EventApp" */ = {
			isa = XCConfigurationList;
			buildConfigurations = (
				8623E0A71ECEA19000432B01 /* Debug */,
				8623E0A81ECEA19000432B01 /* Release */,
			);
			defaultConfigurationIsVisible = 0;
			defaultConfigurationName = Release;
		};
		8623E0A91ECEA19000432B01 /* Build configuration list for PBXNativeTarget "EventApp" */ = {
			isa = XCConfigurationList;
			buildConfigurations = (
				8623E0AA1ECEA19000432B01 /* Debug */,
				8623E0AB1ECEA19000432B01 /* Release */,
			);
			defaultConfigurationIsVisible = 0;
			defaultConfigurationName = Release;
		};
/* End XCConfigurationList section */
	};
	rootObject = 8623E08A1ECEA19000432B01 /* Project object */;
}
